
Microsoft Visual Studio Solution File, Format Version 12.00
# Visual Studio Version 17
VisualStudioVersion = 17.14.36811.4
MinimumVisualStudioVersion = 10.0.40219.1
Project("{FAE04EC0-301F-11D3-BF4B-00C04F79EFBC}") = "TelecallingCRM", "TelecallingCRM.csproj", "{C47C537B-FF70-4DEF-AA08-5F1D56DC34FB}"
EndProject
Project("{FAE04EC0-301F-11D3-BF4B-00C04F79EFBC}") = "TelecallingCRM.Tests", "TelecallingCRM.Tests\TelecallingCRM.Tests.csproj", "{7DE6E8F0-F5DE-4F16-87EE-5A532AA155BD}"
EndProject
Global
	GlobalSection(SolutionConfigurationPlatforms) = preSolution
		Debug|Any CPU = Debug|Any CPU
		Debug|x64 = Debug|x64
		Debug|x86 = Debug|x86
		Release|Any CPU = Release|Any CPU
		Release|x64 = Release|x64
		Release|x86 = Release|x86
	EndGlobalSection
	GlobalSection(ProjectConfigurationPlatforms) = postSolution
		{C47C537B-FF70-4DEF-AA08-5F1D56DC34FB}.Debug|Any CPU.ActiveCfg = Debug|Any CPU
		{C47C537B-FF70-4DEF-AA08-5F1D56DC34FB}.Debug|Any CPU.Build.0 = Debug|Any CPU
		{C47C537B-FF70-4DEF-AA08-5F1D56DC34FB}.Debug|x64.ActiveCfg = Debug|Any CPU
		{C47C537B-FF70-4DEF-AA08-5F1D56DC34FB}.Debug|x64.Build.0 = Debug|Any CPU
		{C47C537B-FF70-4DEF-AA08-5F1D56DC34FB}.Debug|x86.ActiveCfg = Debug|Any CPU
		{C47C537B-FF70-4DEF-AA08-5F1D56DC34FB}.Debug|x86.Build.0 = Debug|Any CPU
		{C47C537B-FF70-4DEF-AA08-5F1D56DC34FB}.Release|Any CPU.ActiveCfg = Release|Any CPU
		{C47C537B-FF70-4DEF-AA08-5F1D56DC34FB}.Release|Any CPU.Build.0 = Release|Any CPU
		{C47C537B-FF70-4DEF-AA08-5F1D56DC34FB}.Release|x64.ActiveCfg = Release|Any CPU
		{C47C537B-FF70-4DEF-AA08-5F1D56DC34FB}.Release|x64.Build.0 = Release|Any CPU
		{C47C537B-FF70-4DEF-AA08-5F1D56DC34FB}.Release|x86.ActiveCfg = Release|Any CPU
		{C47C537B-FF70-4DEF-AA08-5F1D56DC34FB}.Release|x86.Build.0 = Release|Any CPU
		{7DE6E8F0-F5DE-4F16-87EE-5A532AA155BD}.Debug|Any CPU.ActiveCfg = Debug|Any CPU
		{7DE6E8F0-F5DE-4F16-87EE-5A532AA155BD}.Debug|Any CPU.Build.0 = Debug|Any CPU
		{7DE6E8F0-F5DE-4F16-87EE-5A532AA155BD}.Debug|x64.ActiveCfg = Debug|Any CPU
		{7DE6E8F0-F5DE-4F16-87EE-5A532AA155BD}.Debug|x64.Build.0 = Debug|Any CPU
		{7DE6E8F0-F5DE-4F16-87EE-5A532AA155BD}.Debug|x86.ActiveCfg = Debug|Any CPU
		{7DE6E8F0-F5DE-4F16-87EE-5A532AA155BD}.Debug|x86.Build.0 = Debug|Any CPU
		{7DE6E8F0-F5DE-4F16-87EE-5A532AA155BD}.Release|Any CPU.ActiveCfg = Release|Any CPU
		{7DE6E8F0-F5DE-4F16-87EE-5A532AA155BD}.Release|Any CPU.Build.0 = Release|Any CPU
		{7DE6E8F0-F5DE-4F16-87EE-5A532AA155BD}.Release|x64.ActiveCfg = Release|Any CPU
		{7DE6E8F0-F5DE-4F16-87EE-5A532AA155BD}.Release|x64.Build.0 = Release|Any CPU
		{7DE6E8F0-F5DE-4F16-87EE-5A532AA155BD}.Release|x86.ActiveCfg = Release|Any CPU
		{7DE6E8F0-F5DE-4F16-87EE-5A532AA155BD}.Release|x86.Build.0 = Release|Any CPU
	EndGlobalSection
	GlobalSection(SolutionProperties) = preSolution
		HideSolutionNode = FALSE
	EndGlobalSection
	GlobalSection(ExtensibilityGlobals) = postSolution
		SolutionGuid = {CEFE9736-C6FA-408D-BDBC-B327AE0E7CBA}
	EndGlobalSection
EndGlobal
